
Microsoft Visual Studio Solution File, Format Version 12.00
# Visual Studio Version 17
VisualStudioVersion = 17.8.34525.116
MinimumVisualStudioVersion = 10.0.40219.1
Project("{FAE04EC0-301F-11D3-BF4B-00C04F79EFBC}") = "Week13SQLiteDB", "Week13SQLiteDB\Week13SQLiteDB.csproj", "{FDA2C13B-9B97-45E9-82E9-07BFB08C7A99}"
EndProject
Global
	GlobalSection(SolutionConfigurationPlatforms) = preSolution
		Debug|Any CPU = Debug|Any CPU
		Release|Any CPU = Release|Any CPU
	EndGlobalSection
	GlobalSection(ProjectConfigurationPlatforms) = postSolution
		{FDA2C13B-9B97-45E9-82E9-07BFB08C7A99}.Debug|Any CPU.ActiveCfg = Debug|Any CPU
		{FDA2C13B-9B97-45E9-82E9-07BFB08C7A99}.Debug|Any CPU.Build.0 = Debug|Any CPU
		{FDA2C13B-9B97-45E9-82E9-07BFB08C7A99}.Release|Any CPU.ActiveCfg = Release|Any CPU
		{FDA2C13B-9B97-45E9-82E9-07BFB08C7A99}.Release|Any CPU.Build.0 = Release|Any CPU
	EndGlobalSection
	GlobalSection(SolutionProperties) = preSolution
		HideSolutionNode = FALSE
	EndGlobalSection
	GlobalSection(ExtensibilityGlobals) = postSolution
		SolutionGuid = {C508B2DB-64BA-4549-829B-B048A70B3C22}
	EndGlobalSection
EndGlobal
